
Microsoft Visual Studio Solution File, Format Version 12.00
# Visual Studio Version 17
VisualStudioVersion = 17.13.35919.96
MinimumVisualStudioVersion = 10.0.40219.1
Project("{FAE04EC0-301F-11D3-BF4B-00C04F79EFBC}") = "Assessment_Backend", "Assessment_Backend\Assessment_Backend.csproj", "{768ED9BE-41C7-D401-42B6-00C62B5BBB96}"
EndProject
Project("{FAE04EC0-301F-11D3-BF4B-00C04F79EFBC}") = "Assessment_Frontend", "Assessment_Frontend\Assessment_Frontend.csproj", "{2EFFDD0A-84CE-B90C-3736-8F94FDE6E119}"
EndProject
Global
	GlobalSection(SolutionConfigurationPlatforms) = preSolution
		Debug|Any CPU = Debug|Any CPU
		Release|Any CPU = Release|Any CPU
	EndGlobalSection
	GlobalSection(ProjectConfigurationPlatforms) = postSolution
		{768ED9BE-41C7-D401-42B6-00C62B5BBB96}.Debug|Any CPU.ActiveCfg = Debug|Any CPU
		{768ED9BE-41C7-D401-42B6-00C62B5BBB96}.Debug|Any CPU.Build.0 = Debug|Any CPU
		{768ED9BE-41C7-D401-42B6-00C62B5BBB96}.Release|Any CPU.ActiveCfg = Release|Any CPU
		{768ED9BE-41C7-D401-42B6-00C62B5BBB96}.Release|Any CPU.Build.0 = Release|Any CPU
		{2EFFDD0A-84CE-B90C-3736-8F94FDE6E119}.Debug|Any CPU.ActiveCfg = Debug|Any CPU
		{2EFFDD0A-84CE-B90C-3736-8F94FDE6E119}.Debug|Any CPU.Build.0 = Debug|Any CPU
		{2EFFDD0A-84CE-B90C-3736-8F94FDE6E119}.Release|Any CPU.ActiveCfg = Release|Any CPU
		{2EFFDD0A-84CE-B90C-3736-8F94FDE6E119}.Release|Any CPU.Build.0 = Release|Any CPU
	EndGlobalSection
	GlobalSection(SolutionProperties) = preSolution
		HideSolutionNode = FALSE
	EndGlobalSection
	GlobalSection(ExtensibilityGlobals) = postSolution
		SolutionGuid = {A9895135-2CE0-4021-9DE8-C2F2457231B5}
	EndGlobalSection
EndGlobal
